{
  "pins" : [
    {
      "identity" : "dcbapiextsdk",
      "kind" : "remoteSourceControl",
      "location" : "https://github.com/DVS-devtools/DCBApiExtSDK.git",
      "state" : {
        "revision" : "fe9a73927734289deb441bc2ca085a4c4c1d8a18",
        "version" : "5.0.0"
      }
    },
    {
      "identity" : "dcbapiextsdkpackage",
      "kind" : "remoteSourceControl",
      "location" : "https://github.com/DVS-devtools/DCBApiExtSDKPackage",
      "state" : {
        "revision" : "81b6960e93054493df08e2761de325d63b2e933b",
        "version" : "5.0.0"
      }
    },
    {
      "identity" : "newtonsdk",
      "kind" : "remoteSourceControl",
      "location" : "https://github.com/DVS-devtools/NewtonSDK.git",
      "state" : {
        "revision" : "66ffede3c9daccada5a191d2c6784cc3fb33ef57",
        "version" : "5.0.0"
      }
    }
  ],
  "version" : 2
}
